// !$*UTF8*$!
{
	archiveVersion = 1;
	classes = {
	};
	objectVersion = 55;
	objects = {

/* Begin PBXBuildFile section */
		57956E4B8DC8C6076F87ECBD /* Pods_just.framework in Frameworks */ = {isa = PBXBuildFile; fileRef = 9C852824621D2DC0F9B5C290 /* Pods_just.framework */; };
		671E8ACA28B276BB0072F9AE /* AppDelegate.swift in Sources */ = {isa = PBXBuildFile; fileRef = 671E8AC928B276BB0072F9AE /* AppDelegate.swift */; };
		671E8ACC28B276BB0072F9AE /* SceneDelegate.swift in Sources */ = {isa = PBXBuildFile; fileRef = 671E8ACB28B276BB0072F9AE /* SceneDelegate.swift */; };
		671E8ACE28B276BB0072F9AE /* ViewController.swift in Sources */ = {isa = PBXBuildFile; fileRef = 671E8ACD28B276BB0072F9AE /* ViewController.swift */; };
		671E8AD128B276BB0072F9AE /* Main.storyboard in Resources */ = {isa = PBXBuildFile; fileRef = 671E8ACF28B276BB0072F9AE /* Main.storyboard */; };
		671E8AD328B276BE0072F9AE /* Assets.xcassets in Resources */ = {isa = PBXBuildFile; fileRef = 671E8AD228B276BE0072F9AE /* Assets.xcassets */; };
		671E8AD628B276BE0072F9AE /* LaunchScreen.storyboard in Resources */ = {isa = PBXBuildFile; fileRef = 671E8AD428B276BE0072F9AE /* LaunchScreen.storyboard */; };
		671E8ADE28B2776F0072F9AE /* Entity.swift in Sources */ = {isa = PBXBuildFile; fileRef = 671E8ADD28B2776F0072F9AE /* Entity.swift */; };
		671E8AE728B334DC0072F9AE /* ProfilePresenter.swift in Sources */ = {isa = PBXBuildFile; fileRef = 671E8AE028B334DC0072F9AE /* ProfilePresenter.swift */; };
		671E8AE828B334DC0072F9AE /* ProfileLocalDataManager.swift in Sources */ = {isa = PBXBuildFile; fileRef = 671E8AE128B334DC0072F9AE /* ProfileLocalDataManager.swift */; };
		671E8AE928B334DC0072F9AE /* ProfileProtocols.swift in Sources */ = {isa = PBXBuildFile; fileRef = 671E8AE228B334DC0072F9AE /* ProfileProtocols.swift */; };
		671E8AEA28B334DC0072F9AE /* ProfileInteractor.swift in Sources */ = {isa = PBXBuildFile; fileRef = 671E8AE328B334DC0072F9AE /* ProfileInteractor.swift */; };
		671E8AEB28B334DC0072F9AE /* ProfileView.swift in Sources */ = {isa = PBXBuildFile; fileRef = 671E8AE428B334DC0072F9AE /* ProfileView.swift */; };
		671E8AEC28B334DC0072F9AE /* ProfileRemoteDataManager.swift in Sources */ = {isa = PBXBuildFile; fileRef = 671E8AE528B334DC0072F9AE /* ProfileRemoteDataManager.swift */; };
		671E8AED28B334DC0072F9AE /* ProfileWireFrame.swift in Sources */ = {isa = PBXBuildFile; fileRef = 671E8AE628B334DC0072F9AE /* ProfileWireFrame.swift */; };
		671E8AEF28B33C850072F9AE /* ProfileView.storyboard in Resources */ = {isa = PBXBuildFile; fileRef = 671E8AEE28B33C850072F9AE /* ProfileView.storyboard */; };
/* End PBXBuildFile section */

/* Begin PBXFileReference section */
		44606E7DB745A6FB3C9D0A50 /* Pods-just.release.xcconfig */ = {isa = PBXFileReference; includeInIndex = 1; lastKnownFileType = text.xcconfig; name = "Pods-just.release.xcconfig"; path = "Target Support Files/Pods-just/Pods-just.release.xcconfig"; sourceTree = "<group>"; };
		671E8AC628B276BB0072F9AE /* just.app */ = {isa = PBXFileReference; explicitFileType = wrapper.application; includeInIndex = 0; path = just.app; sourceTree = BUILT_PRODUCTS_DIR; };
		671E8AC928B276BB0072F9AE /* AppDelegate.swift */ = {isa = PBXFileReference; lastKnownFileType = sourcecode.swift; path = AppDelegate.swift; sourceTree = "<group>"; };
		671E8ACB28B276BB0072F9AE /* SceneDelegate.swift */ = {isa = PBXFileReference; lastKnownFileType = sourcecode.swift; path = SceneDelegate.swift; sourceTree = "<group>"; };
		671E8ACD28B276BB0072F9AE /* ViewController.swift */ = {isa = PBXFileReference; lastKnownFileType = sourcecode.swift; path = ViewController.swift; sourceTree = "<group>"; };
		671E8AD028B276BB0072F9AE /* Base */ = {isa = PBXFileReference; lastKnownFileType = file.storyboard; name = Base; path = Base.lproj/Main.storyboard; sourceTree = "<group>"; };
		671E8AD228B276BE0072F9AE /* Assets.xcassets */ = {isa = PBXFileReference; lastKnownFileType = folder.assetcatalog; path = Assets.xcassets; sourceTree = "<group>"; };
		671E8AD528B276BE0072F9AE /* Base */ = {isa = PBXFileReference; lastKnownFileType = file.storyboard; name = Base; path = Base.lproj/LaunchScreen.storyboard; sourceTree = "<group>"; };
		671E8AD728B276BE0072F9AE /* Info.plist */ = {isa = PBXFileReference; lastKnownFileType = text.plist.xml; path = Info.plist; sourceTree = "<group>"; };
		671E8ADD28B2776F0072F9AE /* Entity.swift */ = {isa = PBXFileReference; lastKnownFileType = sourcecode.swift; path = Entity.swift; sourceTree = "<group>"; };
		671E8AE028B334DC0072F9AE /* ProfilePresenter.swift */ = {isa = PBXFileReference; lastKnownFileType = sourcecode.swift; path = ProfilePresenter.swift; sourceTree = "<group>"; };
		671E8AE128B334DC0072F9AE /* ProfileLocalDataManager.swift */ = {isa = PBXFileReference; lastKnownFileType = sourcecode.swift; path = ProfileLocalDataManager.swift; sourceTree = "<group>"; };
		671E8AE228B334DC0072F9AE /* ProfileProtocols.swift */ = {isa = PBXFileReference; lastKnownFileType = sourcecode.swift; path = ProfileProtocols.swift; sourceTree = "<group>"; };
		671E8AE328B334DC0072F9AE /* ProfileInteractor.swift */ = {isa = PBXFileReference; lastKnownFileType = sourcecode.swift; path = ProfileInteractor.swift; sourceTree = "<group>"; };
		671E8AE428B334DC0072F9AE /* ProfileView.swift */ = {isa = PBXFileReference; lastKnownFileType = sourcecode.swift; path = ProfileView.swift; sourceTree = "<group>"; };
		671E8AE528B334DC0072F9AE /* ProfileRemoteDataManager.swift */ = {isa = PBXFileReference; lastKnownFileType = sourcecode.swift; path = ProfileRemoteDataManager.swift; sourceTree = "<group>"; };
		671E8AE628B334DC0072F9AE /* ProfileWireFrame.swift */ = {isa = PBXFileReference; lastKnownFileType = sourcecode.swift; path = ProfileWireFrame.swift; sourceTree = "<group>"; };
		671E8AEE28B33C850072F9AE /* ProfileView.storyboard */ = {isa = PBXFileReference; lastKnownFileType = file.storyboard; path = ProfileView.storyboard; sourceTree = "<group>"; };
		9C852824621D2DC0F9B5C290 /* Pods_just.framework */ = {isa = PBXFileReference; explicitFileType = wrapper.framework; includeInIndex = 0; path = Pods_just.framework; sourceTree = BUILT_PRODUCTS_DIR; };
		E98E8EF14CC7B439E88A0B0C /* Pods-just.debug.xcconfig */ = {isa = PBXFileReference; includeInIndex = 1; lastKnownFileType = text.xcconfig; name = "Pods-just.debug.xcconfig"; path = "Target Support Files/Pods-just/Pods-just.debug.xcconfig"; sourceTree = "<group>"; };
/* End PBXFileReference section */

/* Begin PBXFrameworksBuildPhase section */
		671E8AC328B276BB0072F9AE /* Frameworks */ = {
			isa = PBXFrameworksBuildPhase;
			buildActionMask = 2147483647;
			files = (
				57956E4B8DC8C6076F87ECBD /* Pods_just.framework in Frameworks */,
			);
			runOnlyForDeploymentPostprocessing = 0;
		};
/* End PBXFrameworksBuildPhase section */

/* Begin PBXGroup section */
		59160495E09BC5B19416C8E7 /* Frameworks */ = {
			isa = PBXGroup;
			children = (
				9C852824621D2DC0F9B5C290 /* Pods_just.framework */,
			);
			name = Frameworks;
			sourceTree = "<group>";
		};
		671E8ABD28B276BB0072F9AE = {
			isa = PBXGroup;
			children = (
				671E8AC828B276BB0072F9AE /* just */,
				671E8AC728B276BB0072F9AE /* Products */,
				EC3C6F43EC61609685C637E9 /* Pods */,
				59160495E09BC5B19416C8E7 /* Frameworks */,
			);
			sourceTree = "<group>";
		};
		671E8AC728B276BB0072F9AE /* Products */ = {
			isa = PBXGroup;
			children = (
				671E8AC628B276BB0072F9AE /* just.app */,
			);
			name = Products;
			sourceTree = "<group>";
		};
		671E8AC828B276BB0072F9AE /* just */ = {
			isa = PBXGroup;
			children = (
				671E8ADF28B333360072F9AE /* Profile */,
				671E8AC928B276BB0072F9AE /* AppDelegate.swift */,
				671E8ACB28B276BB0072F9AE /* SceneDelegate.swift */,
				671E8ACD28B276BB0072F9AE /* ViewController.swift */,
				671E8ADD28B2776F0072F9AE /* Entity.swift */,
				671E8ACF28B276BB0072F9AE /* Main.storyboard */,
				671E8AD228B276BE0072F9AE /* Assets.xcassets */,
				671E8AD428B276BE0072F9AE /* LaunchScreen.storyboard */,
				671E8AD728B276BE0072F9AE /* Info.plist */,
			);
			path = just;
			sourceTree = "<group>";
		};
		671E8ADF28B333360072F9AE /* Profile */ = {
			isa = PBXGroup;
			children = (
				671E8AEE28B33C850072F9AE /* ProfileView.storyboard */,
				671E8AE428B334DC0072F9AE /* ProfileView.swift */,
				671E8AE328B334DC0072F9AE /* ProfileInteractor.swift */,
				671E8AE028B334DC0072F9AE /* ProfilePresenter.swift */,
				671E8AE128B334DC0072F9AE /* ProfileLocalDataManager.swift */,
				671E8AE228B334DC0072F9AE /* ProfileProtocols.swift */,
				671E8AE528B334DC0072F9AE /* ProfileRemoteDataManager.swift */,
				671E8AE628B334DC0072F9AE /* ProfileWireFrame.swift */,
			);
			path = Profile;
			sourceTree = "<group>";
		};
		EC3C6F43EC61609685C637E9 /* Pods */ = {
			isa = PBXGroup;
			children = (
				E98E8EF14CC7B439E88A0B0C /* Pods-just.debug.xcconfig */,
				44606E7DB745A6FB3C9D0A50 /* Pods-just.release.xcconfig */,
			);
			name = Pods;
			path = Pods;
			sourceTree = "<group>";
		};
/* End PBXGroup section */

/* Begin PBXNativeTarget section */
		671E8AC528B276BB0072F9AE /* just */ = {
			isa = PBXNativeTarget;
			buildConfigurationList = 671E8ADA28B276BE0072F9AE /* Build configuration list for PBXNativeTarget "just" */;
			buildPhases = (
				D243C90F23C7AA82616952F9 /* [CP] Check Pods Manifest.lock */,
				671E8AC228B276BB0072F9AE /* Sources */,
				671E8AC328B276BB0072F9AE /* Frameworks */,
				671E8AC428B276BB0072F9AE /* Resources */,
				13B0579FCC3DE49B921C4EFB /* [CP] Copy Pods Resources */,
			);
			buildRules = (
			);
			dependencies = (
			);
			name = just;
			productName = just;
			productReference = 671E8AC628B276BB0072F9AE /* just.app */;
			productType = "com.apple.product-type.application";
		};
/* End PBXNativeTarget section */

/* Begin PBXProject section */
		671E8ABE28B276BB0072F9AE /* Project object */ = {
			isa = PBXProject;
			attributes = {
				BuildIndependentTargetsInParallel = 1;
				LastSwiftUpdateCheck = 1340;
				LastUpgradeCheck = 1340;
				TargetAttributes = {
					671E8AC528B276BB0072F9AE = {
						CreatedOnToolsVersion = 13.4.1;
					};
				};
			};
			buildConfigurationList = 671E8AC128B276BB0072F9AE /* Build configuration list for PBXProject "just" */;
			compatibilityVersion = "Xcode 13.0";
			developmentRegion = en;
			hasScannedForEncodings = 0;
			knownRegions = (
				en,
				Base,
			);
			mainGroup = 671E8ABD28B276BB0072F9AE;
			productRefGroup = 671E8AC728B276BB0072F9AE /* Products */;
			projectDirPath = "";
			projectRoot = "";
			targets = (
				671E8AC528B276BB0072F9AE /* just */,
			);
		};
/* End PBXProject section */

/* Begin PBXResourcesBuildPhase section */
		671E8AC428B276BB0072F9AE /* Resources */ = {
			isa = PBXResourcesBuildPhase;
			buildActionMask = 2147483647;
			files = (
				671E8AD628B276BE0072F9AE /* LaunchScreen.storyboard in Resources */,
				671E8AEF28B33C850072F9AE /* ProfileView.storyboard in Resources */,
				671E8AD328B276BE0072F9AE /* Assets.xcassets in Resources */,
				671E8AD128B276BB0072F9AE /* Main.storyboard in Resources */,
			);
			runOnlyForDeploymentPostprocessing = 0;
		};
/* End PBXResourcesBuildPhase section */

/* Begin PBXShellScriptBuildPhase section */
		13B0579FCC3DE49B921C4EFB /* [CP] Copy Pods Resources */ = {
			isa = PBXShellScriptBuildPhase;
			buildActionMask = 2147483647;
			files = (
			);
			inputFileListPaths = (
				"${PODS_ROOT}/Target Support Files/Pods-just/Pods-just-resources-${CONFIGURATION}-input-files.xcfilelist",
			);
			name = "[CP] Copy Pods Resources";
			outputFileListPaths = (
				"${PODS_ROOT}/Target Support Files/Pods-just/Pods-just-resources-${CONFIGURATION}-output-files.xcfilelist",
			);
			runOnlyForDeploymentPostprocessing = 0;
			shellPath = /bin/sh;
			shellScript = "\"${PODS_ROOT}/Target Support Files/Pods-just/Pods-just-resources.sh\"\n";
			showEnvVarsInLog = 0;
		};
		D243C90F23C7AA82616952F9 /* [CP] Check Pods Manifest.lock */ = {
			isa = PBXShellScriptBuildPhase;
			buildActionMask = 2147483647;
			files = (
			);
			inputFileListPaths = (
			);
			inputPaths = (
				"${PODS_PODFILE_DIR_PATH}/Podfile.lock",
				"${PODS_ROOT}/Manifest.lock",
			);
			name = "[CP] Check Pods Manifest.lock";
			outputFileListPaths = (
			);
			outputPaths = (
				"$(DERIVED_FILE_DIR)/Pods-just-checkManifestLockResult.txt",
			);
			runOnlyForDeploymentPostprocessing = 0;
			shellPath = /bin/sh;
			shellScript = "diff \"${PODS_PODFILE_DIR_PATH}/Podfile.lock\" \"${PODS_ROOT}/Manifest.lock\" > /dev/null\nif [ $? != 0 ] ; then\n    # print error to STDERR\n    echo \"error: The sandbox is not in sync with the Podfile.lock. Run 'pod install' or update your CocoaPods installation.\" >&2\n    exit 1\nfi\n# This output is used by Xcode 'outputs' to avoid re-running this script phase.\necho \"SUCCESS\" > \"${SCRIPT_OUTPUT_FILE_0}\"\n";
			showEnvVarsInLog = 0;
		};
/* End PBXShellScriptBuildPhase section */

/* Begin PBXSourcesBuildPhase section */
		671E8AC228B276BB0072F9AE /* Sources */ = {
			isa = PBXSourcesBuildPhase;
			buildActionMask = 2147483647;
			files = (
				671E8ADE28B2776F0072F9AE /* Entity.swift in Sources */,
				671E8AEC28B334DC0072F9AE /* ProfileRemoteDataManager.swift in Sources */,
				671E8AEB28B334DC0072F9AE /* ProfileView.swift in Sources */,
				671E8ACE28B276BB0072F9AE /* ViewController.swift in Sources */,
				671E8AED28B334DC0072F9AE /* ProfileWireFrame.swift in Sources */,
				671E8ACA28B276BB0072F9AE /* AppDelegate.swift in Sources */,
				671E8AE728B334DC0072F9AE /* ProfilePresenter.swift in Sources */,
				671E8ACC28B276BB0072F9AE /* SceneDelegate.swift in Sources */,
				671E8AE828B334DC0072F9AE /* ProfileLocalDataManager.swift in Sources */,
				671E8AEA28B334DC0072F9AE /* ProfileInteractor.swift in Sources */,
				671E8AE928B334DC0072F9AE /* ProfileProtocols.swift in Sources */,
			);
			runOnlyForDeploymentPostprocessing = 0;
		};
/* End PBXSourcesBuildPhase section */

/* Begin PBXVariantGroup section */
		671E8ACF28B276BB0072F9AE /* Main.storyboard */ = {
			isa = PBXVariantGroup;
			children = (
				671E8AD028B276BB0072F9AE /* Base */,
			);
			name = Main.storyboard;
			sourceTree = "<group>";
		};
		671E8AD428B276BE0072F9AE /* LaunchScreen.storyboard */ = {
			isa = PBXVariantGroup;
			children = (
				671E8AD528B276BE0072F9AE /* Base */,
			);
			name = LaunchScreen.storyboard;
			sourceTree = "<group>";
		};
/* End PBXVariantGroup section */

/* Begin XCBuildConfiguration section */
		671E8AD828B276BE0072F9AE /* Debug */ = {
			isa = XCBuildConfiguration;
			buildSettings = {
				ALWAYS_SEARCH_USER_PATHS = NO;
				CLANG_ANALYZER_NONNULL = YES;
				CLANG_ANALYZER_NUMBER_OBJECT_CONVERSION = YES_AGGRESSIVE;
				CLANG_CXX_LANGUAGE_STANDARD = "gnu++17";
				CLANG_ENABLE_MODULES = YES;
				CLANG_ENABLE_OBJC_ARC = YES;
				CLANG_ENABLE_OBJC_WEAK = YES;
				CLANG_WARN_BLOCK_CAPTURE_AUTORELEASING = YES;
				CLANG_WARN_BOOL_CONVERSION = YES;
				CLANG_WARN_COMMA = YES;
				CLANG_WARN_CONSTANT_CONVERSION = YES;
				CLANG_WARN_DEPRECATED_OBJC_IMPLEMENTATIONS = YES;
				CLANG_WARN_DIRECT_OBJC_ISA_USAGE = YES_ERROR;
				CLANG_WARN_DOCUMENTATION_COMMENTS = YES;
				CLANG_WARN_EMPTY_BODY = YES;
				CLANG_WARN_ENUM_CONVERSION = YES;
				CLANG_WARN_INFINITE_RECURSION = YES;
				CLANG_WARN_INT_CONVERSION = YES;
				CLANG_WARN_NON_LITERAL_NULL_CONVERSION = YES;
				CLANG_WARN_OBJC_IMPLICIT_RETAIN_SELF = YES;
				CLANG_WARN_OBJC_LITERAL_CONVERSION = YES;
				CLANG_WARN_OBJC_ROOT_CLASS = YES_ERROR;
				CLANG_WARN_QUOTED_INCLUDE_IN_FRAMEWORK_HEADER = YES;
				CLANG_WARN_RANGE_LOOP_ANALYSIS = YES;
				CLANG_WARN_STRICT_PROTOTYPES = YES;
				CLANG_WARN_SUSPICIOUS_MOVE = YES;
				CLANG_WARN_UNGUARDED_AVAILABILITY = YES_AGGRESSIVE;
				CLANG_WARN_UNREACHABLE_CODE = YES;
				CLANG_WARN__DUPLICATE_METHOD_MATCH = YES;
				COPY_PHASE_STRIP = NO;
				DEBUG_INFORMATION_FORMAT = dwarf;
				ENABLE_STRICT_OBJC_MSGSEND = YES;
				ENABLE_TESTABILITY = YES;
				GCC_C_LANGUAGE_STANDARD = gnu11;
				GCC_DYNAMIC_NO_PIC = NO;
				GCC_NO_COMMON_BLOCKS = YES;
				GCC_OPTIMIZATION_LEVEL = 0;
				GCC_PREPROCESSOR_DEFINITIONS = (
					"DEBUG=1",
					"$(inherited)",
				);
				GCC_WARN_64_TO_32_BIT_CONVERSION = YES;
				GCC_WARN_ABOUT_RETURN_TYPE = YES_ERROR;
				GCC_WARN_UNDECLARED_SELECTOR = YES;
				GCC_WARN_UNINITIALIZED_AUTOS = YES_AGGRESSIVE;
				GCC_WARN_UNUSED_FUNCTION = YES;
				GCC_WARN_UNUSED_VARIABLE = YES;
				IPHONEOS_DEPLOYMENT_TARGET = 15.5;
				MTL_ENABLE_DEBUG_INFO = INCLUDE_SOURCE;
				MTL_FAST_MATH = YES;
				ONLY_ACTIVE_ARCH = YES;
				SDKROOT = iphoneos;
				SWIFT_ACTIVE_COMPILATION_CONDITIONS = DEBUG;
				SWIFT_OPTIMIZATION_LEVEL = "-Onone";
			};
			name = Debug;
		};
		671E8AD928B276BE0072F9AE /* Release */ = {
			isa = XCBuildConfiguration;
			buildSettings = {
				ALWAYS_SEARCH_USER_PATHS = NO;
				CLANG_ANALYZER_NONNULL = YES;
				CLANG_ANALYZER_NUMBER_OBJECT_CONVERSION = YES_AGGRESSIVE;
				CLANG_CXX_LANGUAGE_STANDARD = "gnu++17";
				CLANG_ENABLE_MODULES = YES;
				CLANG_ENABLE_OBJC_ARC = YES;
				CLANG_ENABLE_OBJC_WEAK = YES;
				CLANG_WARN_BLOCK_CAPTURE_AUTORELEASING = YES;
				CLANG_WARN_BOOL_CONVERSION = YES;
				CLANG_WARN_COMMA = YES;
				CLANG_WARN_CONSTANT_CONVERSION = YES;
				CLANG_WARN_DEPRECATED_OBJC_IMPLEMENTATIONS = YES;
				CLANG_WARN_DIRECT_OBJC_ISA_USAGE = YES_ERROR;
				CLANG_WARN_DOCUMENTATION_COMMENTS = YES;
				CLANG_WARN_EMPTY_BODY = YES;
				CLANG_WARN_ENUM_CONVERSION = YES;
				CLANG_WARN_INFINITE_RECURSION = YES;
				CLANG_WARN_INT_CONVERSION = YES;
				CLANG_WARN_NON_LITERAL_NULL_CONVERSION = YES;
				CLANG_WARN_OBJC_IMPLICIT_RETAIN_SELF = YES;
				CLANG_WARN_OBJC_LITERAL_CONVERSION = YES;
				CLANG_WARN_OBJC_ROOT_CLASS = YES_ERROR;
				CLANG_WARN_QUOTED_INCLUDE_IN_FRAMEWORK_HEADER = YES;
				CLANG_WARN_RANGE_LOOP_ANALYSIS = YES;
				CLANG_WARN_STRICT_PROTOTYPES = YES;
				CLANG_WARN_SUSPICIOUS_MOVE = YES;
				CLANG_WARN_UNGUARDED_AVAILABILITY = YES_AGGRESSIVE;
				CLANG_WARN_UNREACHABLE_CODE = YES;
				CLANG_WARN__DUPLICATE_METHOD_MATCH = YES;
				COPY_PHASE_STRIP = NO;
				DEBUG_INFORMATION_FORMAT = "dwarf-with-dsym";
				ENABLE_NS_ASSERTIONS = NO;
				ENABLE_STRICT_OBJC_MSGSEND = YES;
				GCC_C_LANGUAGE_STANDARD = gnu11;
				GCC_NO_COMMON_BLOCKS = YES;
				GCC_WARN_64_TO_32_BIT_CONVERSION = YES;
				GCC_WARN_ABOUT_RETURN_TYPE = YES_ERROR;
				GCC_WARN_UNDECLARED_SELECTOR = YES;
				GCC_WARN_UNINITIALIZED_AUTOS = YES_AGGRESSIVE;
				GCC_WARN_UNUSED_FUNCTION = YES;
				GCC_WARN_UNUSED_VARIABLE = YES;
				IPHONEOS_DEPLOYMENT_TARGET = 15.5;
				MTL_ENABLE_DEBUG_INFO = NO;
				MTL_FAST_MATH = YES;
				SDKROOT = iphoneos;
				SWIFT_COMPILATION_MODE = wholemodule;
				SWIFT_OPTIMIZATION_LEVEL = "-O";
				VALIDATE_PRODUCT = YES;
			};
			name = Release;
		};
		671E8ADB28B276BE0072F9AE /* Debug */ = {
			isa = XCBuildConfiguration;
			baseConfigurationReference = E98E8EF14CC7B439E88A0B0C /* Pods-just.debug.xcconfig */;
			buildSettings = {
				ASSETCATALOG_COMPILER_APPICON_NAME = AppIcon;
				ASSETCATALOG_COMPILER_GLOBAL_ACCENT_COLOR_NAME = AccentColor;
				CODE_SIGN_STYLE = Automatic;
				CURRENT_PROJECT_VERSION = 1;
				DEVELOPMENT_TEAM = XV272CGUK8;
				GENERATE_INFOPLIST_FILE = YES;
				INFOPLIST_FILE = just/Info.plist;
				INFOPLIST_KEY_UIApplicationSupportsIndirectInputEvents = YES;
				INFOPLIST_KEY_UILaunchStoryboardName = LaunchScreen;
				INFOPLIST_KEY_UIMainStoryboardFile = Main;
				INFOPLIST_KEY_UISupportedInterfaceOrientations_iPad = "UIInterfaceOrientationPortrait UIInterfaceOrientationPortraitUpsideDown UIInterfaceOrientationLandscapeLeft UIInterfaceOrientationLandscapeRight";
				INFOPLIST_KEY_UISupportedInterfaceOrientations_iPhone = "UIInterfaceOrientationPortrait UIInterfaceOrientationLandscapeLeft UIInterfaceOrientationLandscapeRight";
				LD_RUNPATH_SEARCH_PATHS = (
					"$(inherited)",
					"@executable_path/Frameworks",
				);
				MARKETING_VERSION = 1.0;
				PRODUCT_BUNDLE_IDENTIFIER = com.mx.Just.just;
				PRODUCT_NAME = "$(TARGET_NAME)";
				SWIFT_EMIT_LOC_STRINGS = YES;
				SWIFT_VERSION = 5.0;
				TARGETED_DEVICE_FAMILY = "1,2";
			};
			name = Debug;
		};
		671E8ADC28B276BE0072F9AE /* Release */ = {
			isa = XCBuildConfiguration;
			baseConfigurationReference = 44606E7DB745A6FB3C9D0A50 /* Pods-just.release.xcconfig */;
			buildSettings = {
				ASSETCATALOG_COMPILER_APPICON_NAME = AppIcon;
				ASSETCATALOG_COMPILER_GLOBAL_ACCENT_COLOR_NAME = AccentColor;
				CODE_SIGN_STYLE = Automatic;
				CURRENT_PROJECT_VERSION = 1;
				DEVELOPMENT_TEAM = XV272CGUK8;
				GENERATE_INFOPLIST_FILE = YES;
				INFOPLIST_FILE = just/Info.plist;
				INFOPLIST_KEY_UIApplicationSupportsIndirectInputEvents = YES;
				INFOPLIST_KEY_UILaunchStoryboardName = LaunchScreen;
				INFOPLIST_KEY_UIMainStoryboardFile = Main;
				INFOPLIST_KEY_UISupportedInterfaceOrientations_iPad = "UIInterfaceOrientationPortrait UIInterfaceOrientationPortraitUpsideDown UIInterfaceOrientationLandscapeLeft UIInterfaceOrientationLandscapeRight";
				INFOPLIST_KEY_UISupportedInterfaceOrientations_iPhone = "UIInterfaceOrientationPortrait UIInterfaceOrientationLandscapeLeft UIInterfaceOrientationLandscapeRight";
				LD_RUNPATH_SEARCH_PATHS = (
					"$(inherited)",
					"@executable_path/Frameworks",
				);
				MARKETING_VERSION = 1.0;
				PRODUCT_BUNDLE_IDENTIFIER = com.mx.Just.just;
				PRODUCT_NAME = "$(TARGET_NAME)";
				SWIFT_EMIT_LOC_STRINGS = YES;
				SWIFT_VERSION = 5.0;
				TARGETED_DEVICE_FAMILY = "1,2";
			};
			name = Release;
		};
/* End XCBuildConfiguration section */

/* Begin XCConfigurationList section */
		671E8AC128B276BB0072F9AE /* Build configuration list for PBXProject "just" */ = {
			isa = XCConfigurationList;
			buildConfigurations = (
				671E8AD828B276BE0072F9AE /* Debug */,
				671E8AD928B276BE0072F9AE /* Release */,
			);
			defaultConfigurationIsVisible = 0;
			defaultConfigurationName = Release;
		};
		671E8ADA28B276BE0072F9AE /* Build configuration list for PBXNativeTarget "just" */ = {
			isa = XCConfigurationList;
			buildConfigurations = (
				671E8ADB28B276BE0072F9AE /* Debug */,
				671E8ADC28B276BE0072F9AE /* Release */,
			);
			defaultConfigurationIsVisible = 0;
			defaultConfigurationName = Release;
		};
/* End XCConfigurationList section */
	};
	rootObject = 671E8ABE28B276BB0072F9AE /* Project object */;
}
